// !$*UTF8*$!
{
	archiveVersion = 1;
	classes = {
	};
	objectVersion = 48;
	objects = {

/* Begin PBXBuildFile section */
		57172B7B1FD20FAD000AED57 /* ListViewController.swift in Sources */ = {isa = PBXBuildFile; fileRef = 57172B7A1FD20FAD000AED57 /* ListViewController.swift */; };
		57172B7D1FD21876000AED57 /* ListPresenter.swift in Sources */ = {isa = PBXBuildFile; fileRef = 57172B7C1FD21876000AED57 /* ListPresenter.swift */; };
		57172B7F1FD218B3000AED57 /* ListInteractor.swift in Sources */ = {isa = PBXBuildFile; fileRef = 57172B7E1FD218B3000AED57 /* ListInteractor.swift */; };
		57172B811FD220B0000AED57 /* CountFactory.swift in Sources */ = {isa = PBXBuildFile; fileRef = 57172B801FD220B0000AED57 /* CountFactory.swift */; };
		5724FB691FCF7E5A009349B8 /* AppDelegate.swift in Sources */ = {isa = PBXBuildFile; fileRef = 5724FB681FCF7E5A009349B8 /* AppDelegate.swift */; };
		5724FB711FCF7E5A009349B8 /* Counter.xcdatamodeld in Sources */ = {isa = PBXBuildFile; fileRef = 5724FB6F1FCF7E5A009349B8 /* Counter.xcdatamodeld */; };
		5724FB731FCF7E5A009349B8 /* Assets.xcassets in Resources */ = {isa = PBXBuildFile; fileRef = 5724FB721FCF7E5A009349B8 /* Assets.xcassets */; };
		5724FB761FCF7E5A009349B8 /* LaunchScreen.storyboard in Resources */ = {isa = PBXBuildFile; fileRef = 5724FB741FCF7E5A009349B8 /* LaunchScreen.storyboard */; };
		5724FB811FCF7E5A009349B8 /* CounterTests.swift in Sources */ = {isa = PBXBuildFile; fileRef = 5724FB801FCF7E5A009349B8 /* CounterTests.swift */; };
		5724FB8C1FCF7E5A009349B8 /* CounterUITests.swift in Sources */ = {isa = PBXBuildFile; fileRef = 5724FB8B1FCF7E5A009349B8 /* CounterUITests.swift */; };
		5724FB9A1FCF7F0E009349B8 /* CountViewController.swift in Sources */ = {isa = PBXBuildFile; fileRef = 5724FB991FCF7F0E009349B8 /* CountViewController.swift */; };
		5724FBA21FCF8245009349B8 /* CountPresenter.swift in Sources */ = {isa = PBXBuildFile; fileRef = 5724FBA11FCF8245009349B8 /* CountPresenter.swift */; };
		5724FBA41FCF82FC009349B8 /* CountInteractor.swift in Sources */ = {isa = PBXBuildFile; fileRef = 5724FBA31FCF82FC009349B8 /* CountInteractor.swift */; };
		5724FBA81FCF93C2009349B8 /* Counter.swift in Sources */ = {isa = PBXBuildFile; fileRef = 5724FBA71FCF93C2009349B8 /* Counter.swift */; };
		57C8CFF31FD0C58700E92E7A /* ManagedCounter+CoreDataClass.swift in Sources */ = {isa = PBXBuildFile; fileRef = 57C8CFF11FD0C58700E92E7A /* ManagedCounter+CoreDataClass.swift */; };
		57C8CFF41FD0C58700E92E7A /* ManagedCounter+CoreDataProperties.swift in Sources */ = {isa = PBXBuildFile; fileRef = 57C8CFF21FD0C58700E92E7A /* ManagedCounter+CoreDataProperties.swift */; };
		57C8CFF61FD0C70C00E92E7A /* CoreData.swift in Sources */ = {isa = PBXBuildFile; fileRef = 57C8CFF51FD0C70C00E92E7A /* CoreData.swift */; };
/* End PBXBuildFile section */

/* Begin PBXContainerItemProxy section */
		5724FB7D1FCF7E5A009349B8 /* PBXContainerItemProxy */ = {
			isa = PBXContainerItemProxy;
			containerPortal = 5724FB5D1FCF7E5A009349B8 /* Project object */;
			proxyType = 1;
			remoteGlobalIDString = 5724FB641FCF7E5A009349B8;
			remoteInfo = Counter;
		};
		5724FB881FCF7E5A009349B8 /* PBXContainerItemProxy */ = {
			isa = PBXContainerItemProxy;
			containerPortal = 5724FB5D1FCF7E5A009349B8 /* Project object */;
			proxyType = 1;
			remoteGlobalIDString = 5724FB641FCF7E5A009349B8;
			remoteInfo = Counter;
		};
/* End PBXContainerItemProxy section */

/* Begin PBXFileReference section */
		57172B7A1FD20FAD000AED57 /* ListViewController.swift */ = {isa = PBXFileReference; lastKnownFileType = sourcecode.swift; path = ListViewController.swift; sourceTree = "<group>"; };
		57172B7C1FD21876000AED57 /* ListPresenter.swift */ = {isa = PBXFileReference; lastKnownFileType = sourcecode.swift; path = ListPresenter.swift; sourceTree = "<group>"; };
		57172B7E1FD218B3000AED57 /* ListInteractor.swift */ = {isa = PBXFileReference; lastKnownFileType = sourcecode.swift; path = ListInteractor.swift; sourceTree = "<group>"; };
		57172B801FD220B0000AED57 /* CountFactory.swift */ = {isa = PBXFileReference; lastKnownFileType = sourcecode.swift; path = CountFactory.swift; sourceTree = "<group>"; };
		5724FB651FCF7E5A009349B8 /* Counter.app */ = {isa = PBXFileReference; explicitFileType = wrapper.application; includeInIndex = 0; path = Counter.app; sourceTree = BUILT_PRODUCTS_DIR; };
		5724FB681FCF7E5A009349B8 /* AppDelegate.swift */ = {isa = PBXFileReference; lastKnownFileType = sourcecode.swift; path = AppDelegate.swift; sourceTree = "<group>"; };
		5724FB701FCF7E5A009349B8 /* Counter.xcdatamodel */ = {isa = PBXFileReference; lastKnownFileType = wrapper.xcdatamodel; path = Counter.xcdatamodel; sourceTree = "<group>"; };
		5724FB721FCF7E5A009349B8 /* Assets.xcassets */ = {isa = PBXFileReference; lastKnownFileType = folder.assetcatalog; path = Assets.xcassets; sourceTree = "<group>"; };
		5724FB751FCF7E5A009349B8 /* Base */ = {isa = PBXFileReference; lastKnownFileType = file.storyboard; name = Base; path = Base.lproj/LaunchScreen.storyboard; sourceTree = "<group>"; };
		5724FB771FCF7E5A009349B8 /* Info.plist */ = {isa = PBXFileReference; lastKnownFileType = text.plist.xml; path = Info.plist; sourceTree = "<group>"; };
		5724FB7C1FCF7E5A009349B8 /* CounterTests.xctest */ = {isa = PBXFileReference; explicitFileType = wrapper.cfbundle; includeInIndex = 0; path = CounterTests.xctest; sourceTree = BUILT_PRODUCTS_DIR; };
		5724FB801FCF7E5A009349B8 /* CounterTests.swift */ = {isa = PBXFileReference; lastKnownFileType = sourcecode.swift; path = CounterTests.swift; sourceTree = "<group>"; };
		5724FB821FCF7E5A009349B8 /* Info.plist */ = {isa = PBXFileReference; lastKnownFileType = text.plist.xml; path = Info.plist; sourceTree = "<group>"; };
		5724FB871FCF7E5A009349B8 /* CounterUITests.xctest */ = {isa = PBXFileReference; explicitFileType = wrapper.cfbundle; includeInIndex = 0; path = CounterUITests.xctest; sourceTree = BUILT_PRODUCTS_DIR; };
		5724FB8B1FCF7E5A009349B8 /* CounterUITests.swift */ = {isa = PBXFileReference; lastKnownFileType = sourcecode.swift; path = CounterUITests.swift; sourceTree = "<group>"; };
		5724FB8D1FCF7E5A009349B8 /* Info.plist */ = {isa = PBXFileReference; lastKnownFileType = text.plist.xml; path = Info.plist; sourceTree = "<group>"; };
		5724FB991FCF7F0E009349B8 /* CountViewController.swift */ = {isa = PBXFileReference; lastKnownFileType = sourcecode.swift; path = CountViewController.swift; sourceTree = "<group>"; };
		5724FBA11FCF8245009349B8 /* CountPresenter.swift */ = {isa = PBXFileReference; lastKnownFileType = sourcecode.swift; path = CountPresenter.swift; sourceTree = "<group>"; };
		5724FBA31FCF82FC009349B8 /* CountInteractor.swift */ = {isa = PBXFileReference; lastKnownFileType = sourcecode.swift; path = CountInteractor.swift; sourceTree = "<group>"; };
		5724FBA71FCF93C2009349B8 /* Counter.swift */ = {isa = PBXFileReference; lastKnownFileType = sourcecode.swift; path = Counter.swift; sourceTree = "<group>"; };
		57C8CFF11FD0C58700E92E7A /* ManagedCounter+CoreDataClass.swift */ = {isa = PBXFileReference; lastKnownFileType = sourcecode.swift; name = "ManagedCounter+CoreDataClass.swift"; path = "/Users/andrewcopp/Developer/Counter/Counter/Counter/ManagedCounter+CoreDataClass.swift"; sourceTree = "<absolute>"; };
		57C8CFF21FD0C58700E92E7A /* ManagedCounter+CoreDataProperties.swift */ = {isa = PBXFileReference; lastKnownFileType = sourcecode.swift; name = "ManagedCounter+CoreDataProperties.swift"; path = "/Users/andrewcopp/Developer/Counter/Counter/Counter/ManagedCounter+CoreDataProperties.swift"; sourceTree = "<absolute>"; };
		57C8CFF51FD0C70C00E92E7A /* CoreData.swift */ = {isa = PBXFileReference; lastKnownFileType = sourcecode.swift; path = CoreData.swift; sourceTree = "<group>"; };
/* End PBXFileReference section */

/* Begin PBXFrameworksBuildPhase section */
		5724FB621FCF7E5A009349B8 /* Frameworks */ = {
			isa = PBXFrameworksBuildPhase;
			buildActionMask = 2147483647;
			files = (
			);
			runOnlyForDeploymentPostprocessing = 0;
		};
		5724FB791FCF7E5A009349B8 /* Frameworks */ = {
			isa = PBXFrameworksBuildPhase;
			buildActionMask = 2147483647;
			files = (
			);
			runOnlyForDeploymentPostprocessing = 0;
		};
		5724FB841FCF7E5A009349B8 /* Frameworks */ = {
			isa = PBXFrameworksBuildPhase;
			buildActionMask = 2147483647;
			files = (
			);
			runOnlyForDeploymentPostprocessing = 0;
		};
/* End PBXFrameworksBuildPhase section */

/* Begin PBXGroup section */
		5724FB5C1FCF7E5A009349B8 = {
			isa = PBXGroup;
			children = (
				5724FB671FCF7E5A009349B8 /* Counter */,
				5724FB7F1FCF7E5A009349B8 /* CounterTests */,
				5724FB8A1FCF7E5A009349B8 /* CounterUITests */,
				5724FB661FCF7E5A009349B8 /* Products */,
			);
			sourceTree = "<group>";
		};
		5724FB661FCF7E5A009349B8 /* Products */ = {
			isa = PBXGroup;
			children = (
				5724FB651FCF7E5A009349B8 /* Counter.app */,
				5724FB7C1FCF7E5A009349B8 /* CounterTests.xctest */,
				5724FB871FCF7E5A009349B8 /* CounterUITests.xctest */,
			);
			name = Products;
			sourceTree = "<group>";
		};
		5724FB671FCF7E5A009349B8 /* Counter */ = {
			isa = PBXGroup;
			children = (
				5724FB681FCF7E5A009349B8 /* AppDelegate.swift */,
				5724FB721FCF7E5A009349B8 /* Assets.xcassets */,
				5724FB741FCF7E5A009349B8 /* LaunchScreen.storyboard */,
				5724FB771FCF7E5A009349B8 /* Info.plist */,
				5724FB6F1FCF7E5A009349B8 /* Counter.xcdatamodeld */,
				5724FB991FCF7F0E009349B8 /* CountViewController.swift */,
				5724FBA11FCF8245009349B8 /* CountPresenter.swift */,
				5724FBA31FCF82FC009349B8 /* CountInteractor.swift */,
				5724FBA71FCF93C2009349B8 /* Counter.swift */,
				57C8CFF11FD0C58700E92E7A /* ManagedCounter+CoreDataClass.swift */,
				57C8CFF21FD0C58700E92E7A /* ManagedCounter+CoreDataProperties.swift */,
				57C8CFF51FD0C70C00E92E7A /* CoreData.swift */,
				57172B7A1FD20FAD000AED57 /* ListViewController.swift */,
				57172B7C1FD21876000AED57 /* ListPresenter.swift */,
				57172B7E1FD218B3000AED57 /* ListInteractor.swift */,
				57172B801FD220B0000AED57 /* CountFactory.swift */,
			);
			path = Counter;
			sourceTree = "<group>";
		};
		5724FB7F1FCF7E5A009349B8 /* CounterTests */ = {
			isa = PBXGroup;
			children = (
				5724FB801FCF7E5A009349B8 /* CounterTests.swift */,
				5724FB821FCF7E5A009349B8 /* Info.plist */,
			);
			path = CounterTests;
			sourceTree = "<group>";
		};
		5724FB8A1FCF7E5A009349B8 /* CounterUITests */ = {
			isa = PBXGroup;
			children = (
				5724FB8B1FCF7E5A009349B8 /* CounterUITests.swift */,
				5724FB8D1FCF7E5A009349B8 /* Info.plist */,
			);
			path = CounterUITests;
			sourceTree = "<group>";
		};
/* End PBXGroup section */

/* Begin PBXNativeTarget section */
		5724FB641FCF7E5A009349B8 /* Counter */ = {
			isa = PBXNativeTarget;
			buildConfigurationList = 5724FB901FCF7E5A009349B8 /* Build configuration list for PBXNativeTarget "Counter" */;
			buildPhases = (
				5724FB611FCF7E5A009349B8 /* Sources */,
				5724FB621FCF7E5A009349B8 /* Frameworks */,
				5724FB631FCF7E5A009349B8 /* Resources */,
			);
			buildRules = (
			);
			dependencies = (
			);
			name = Counter;
			productName = Counter;
			productReference = 5724FB651FCF7E5A009349B8 /* Counter.app */;
			productType = "com.apple.product-type.application";
		};
		5724FB7B1FCF7E5A009349B8 /* CounterTests */ = {
			isa = PBXNativeTarget;
			buildConfigurationList = 5724FB931FCF7E5A009349B8 /* Build configuration list for PBXNativeTarget "CounterTests" */;
			buildPhases = (
				5724FB781FCF7E5A009349B8 /* Sources */,
				5724FB791FCF7E5A009349B8 /* Frameworks */,
				5724FB7A1FCF7E5A009349B8 /* Resources */,
			);
			buildRules = (
			);
			dependencies = (
				5724FB7E1FCF7E5A009349B8 /* PBXTargetDependency */,
			);
			name = CounterTests;
			productName = CounterTests;
			productReference = 5724FB7C1FCF7E5A009349B8 /* CounterTests.xctest */;
			productType = "com.apple.product-type.bundle.unit-test";
		};
		5724FB861FCF7E5A009349B8 /* CounterUITests */ = {
			isa = PBXNativeTarget;
			buildConfigurationList = 5724FB961FCF7E5A009349B8 /* Build configuration list for PBXNativeTarget "CounterUITests" */;
			buildPhases = (
				5724FB831FCF7E5A009349B8 /* Sources */,
				5724FB841FCF7E5A009349B8 /* Frameworks */,
				5724FB851FCF7E5A009349B8 /* Resources */,
			);
			buildRules = (
			);
			dependencies = (
				5724FB891FCF7E5A009349B8 /* PBXTargetDependency */,
			);
			name = CounterUITests;
			productName = CounterUITests;
			productReference = 5724FB871FCF7E5A009349B8 /* CounterUITests.xctest */;
			productType = "com.apple.product-type.bundle.ui-testing";
		};
/* End PBXNativeTarget section */

/* Begin PBXProject section */
		5724FB5D1FCF7E5A009349B8 /* Project object */ = {
			isa = PBXProject;
			attributes = {
				LastSwiftUpdateCheck = 0910;
				LastUpgradeCheck = 0910;
				ORGANIZATIONNAME = "Andrew Copp";
				TargetAttributes = {
					5724FB641FCF7E5A009349B8 = {
						CreatedOnToolsVersion = 9.1;
						ProvisioningStyle = Automatic;
					};
					5724FB7B1FCF7E5A009349B8 = {
						CreatedOnToolsVersion = 9.1;
						ProvisioningStyle = Automatic;
						TestTargetID = 5724FB641FCF7E5A009349B8;
					};
					5724FB861FCF7E5A009349B8 = {
						CreatedOnToolsVersion = 9.1;
						ProvisioningStyle = Automatic;
						TestTargetID = 5724FB641FCF7E5A009349B8;
					};
				};
			};
			buildConfigurationList = 5724FB601FCF7E5A009349B8 /* Build configuration list for PBXProject "Counter" */;
			compatibilityVersion = "Xcode 8.0";
			developmentRegion = en;
			hasScannedForEncodings = 0;
			knownRegions = (
				en,
				Base,
			);
			mainGroup = 5724FB5C1FCF7E5A009349B8;
			productRefGroup = 5724FB661FCF7E5A009349B8 /* Products */;
			projectDirPath = "";
			projectRoot = "";
			targets = (
				5724FB641FCF7E5A009349B8 /* Counter */,
				5724FB7B1FCF7E5A009349B8 /* CounterTests */,
				5724FB861FCF7E5A009349B8 /* CounterUITests */,
			);
		};
/* End PBXProject section */

/* Begin PBXResourcesBuildPhase section */
		5724FB631FCF7E5A009349B8 /* Resources */ = {
			isa = PBXResourcesBuildPhase;
			buildActionMask = 2147483647;
			files = (
				5724FB761FCF7E5A009349B8 /* LaunchScreen.storyboard in Resources */,
				5724FB731FCF7E5A009349B8 /* Assets.xcassets in Resources */,
			);
			runOnlyForDeploymentPostprocessing = 0;
		};
		5724FB7A1FCF7E5A009349B8 /* Resources */ = {
			isa = PBXResourcesBuildPhase;
			buildActionMask = 2147483647;
			files = (
			);
			runOnlyForDeploymentPostprocessing = 0;
		};
		5724FB851FCF7E5A009349B8 /* Resources */ = {
			isa = PBXResourcesBuildPhase;
			buildActionMask = 2147483647;
			files = (
			);
			runOnlyForDeploymentPostprocessing = 0;
		};
/* End PBXResourcesBuildPhase section */

/* Begin PBXSourcesBuildPhase section */
		5724FB611FCF7E5A009349B8 /* Sources */ = {
			isa = PBXSourcesBuildPhase;
			buildActionMask = 2147483647;
			files = (
				5724FBA21FCF8245009349B8 /* CountPresenter.swift in Sources */,
				5724FBA41FCF82FC009349B8 /* CountInteractor.swift in Sources */,
				57C8CFF41FD0C58700E92E7A /* ManagedCounter+CoreDataProperties.swift in Sources */,
				5724FBA81FCF93C2009349B8 /* Counter.swift in Sources */,
				57C8CFF61FD0C70C00E92E7A /* CoreData.swift in Sources */,
				57C8CFF31FD0C58700E92E7A /* ManagedCounter+CoreDataClass.swift in Sources */,
				57172B7F1FD218B3000AED57 /* ListInteractor.swift in Sources */,
				57172B811FD220B0000AED57 /* CountFactory.swift in Sources */,
				5724FB9A1FCF7F0E009349B8 /* CountViewController.swift in Sources */,
				5724FB691FCF7E5A009349B8 /* AppDelegate.swift in Sources */,
				57172B7D1FD21876000AED57 /* ListPresenter.swift in Sources */,
				57172B7B1FD20FAD000AED57 /* ListViewController.swift in Sources */,
				5724FB711FCF7E5A009349B8 /* Counter.xcdatamodeld in Sources */,
			);
			runOnlyForDeploymentPostprocessing = 0;
		};
		5724FB781FCF7E5A009349B8 /* Sources */ = {
			isa = PBXSourcesBuildPhase;
			buildActionMask = 2147483647;
			files = (
				5724FB811FCF7E5A009349B8 /* CounterTests.swift in Sources */,
			);
			runOnlyForDeploymentPostprocessing = 0;
		};
		5724FB831FCF7E5A009349B8 /* Sources */ = {
			isa = PBXSourcesBuildPhase;
			buildActionMask = 2147483647;
			files = (
				5724FB8C1FCF7E5A009349B8 /* CounterUITests.swift in Sources */,
			);
			runOnlyForDeploymentPostprocessing = 0;
		};
/* End PBXSourcesBuildPhase section */

/* Begin PBXTargetDependency section */
		5724FB7E1FCF7E5A009349B8 /* PBXTargetDependency */ = {
			isa = PBXTargetDependency;
			target = 5724FB641FCF7E5A009349B8 /* Counter */;
			targetProxy = 5724FB7D1FCF7E5A009349B8 /* PBXContainerItemProxy */;
		};
		5724FB891FCF7E5A009349B8 /* PBXTargetDependency */ = {
			isa = PBXTargetDependency;
			target = 5724FB641FCF7E5A009349B8 /* Counter */;
			targetProxy = 5724FB881FCF7E5A009349B8 /* PBXContainerItemProxy */;
		};
/* End PBXTargetDependency section */

/* Begin PBXVariantGroup section */
		5724FB741FCF7E5A009349B8 /* LaunchScreen.storyboard */ = {
			isa = PBXVariantGroup;
			children = (
				5724FB751FCF7E5A009349B8 /* Base */,
			);
			name = LaunchScreen.storyboard;
			sourceTree = "<group>";
		};
/* End PBXVariantGroup section */

/* Begin XCBuildConfiguration section */
		5724FB8E1FCF7E5A009349B8 /* Debug */ = {
			isa = XCBuildConfiguration;
			buildSettings = {
				ALWAYS_SEARCH_USER_PATHS = NO;
				CLANG_ANALYZER_NONNULL = YES;
				CLANG_ANALYZER_NUMBER_OBJECT_CONVERSION = YES_AGGRESSIVE;
				CLANG_CXX_LANGUAGE_STANDARD = "gnu++14";
				CLANG_CXX_LIBRARY = "libc++";
				CLANG_ENABLE_MODULES = YES;
				CLANG_ENABLE_OBJC_ARC = YES;
				CLANG_WARN_BLOCK_CAPTURE_AUTORELEASING = YES;
				CLANG_WARN_BOOL_CONVERSION = YES;
				CLANG_WARN_COMMA = YES;
				CLANG_WARN_CONSTANT_CONVERSION = YES;
				CLANG_WARN_DIRECT_OBJC_ISA_USAGE = YES_ERROR;
				CLANG_WARN_DOCUMENTATION_COMMENTS = YES;
				CLANG_WARN_EMPTY_BODY = YES;
				CLANG_WARN_ENUM_CONVERSION = YES;
				CLANG_WARN_INFINITE_RECURSION = YES;
				CLANG_WARN_INT_CONVERSION = YES;
				CLANG_WARN_NON_LITERAL_NULL_CONVERSION = YES;
				CLANG_WARN_OBJC_LITERAL_CONVERSION = YES;
				CLANG_WARN_OBJC_ROOT_CLASS = YES_ERROR;
				CLANG_WARN_RANGE_LOOP_ANALYSIS = YES;
				CLANG_WARN_STRICT_PROTOTYPES = YES;
				CLANG_WARN_SUSPICIOUS_MOVE = YES;
				CLANG_WARN_UNGUARDED_AVAILABILITY = YES_AGGRESSIVE;
				CLANG_WARN_UNREACHABLE_CODE = YES;
				CLANG_WARN__DUPLICATE_METHOD_MATCH = YES;
				CODE_SIGN_IDENTITY = "iPhone Developer";
				COPY_PHASE_STRIP = NO;
				DEBUG_INFORMATION_FORMAT = dwarf;
				ENABLE_STRICT_OBJC_MSGSEND = YES;
				ENABLE_TESTABILITY = YES;
				GCC_C_LANGUAGE_STANDARD = gnu11;
				GCC_DYNAMIC_NO_PIC = NO;
				GCC_NO_COMMON_BLOCKS = YES;
				GCC_OPTIMIZATION_LEVEL = 0;
				GCC_PREPROCESSOR_DEFINITIONS = (
					"DEBUG=1",
					"$(inherited)",
				);
				GCC_WARN_64_TO_32_BIT_CONVERSION = YES;
				GCC_WARN_ABOUT_RETURN_TYPE = YES_ERROR;
				GCC_WARN_UNDECLARED_SELECTOR = YES;
				GCC_WARN_UNINITIALIZED_AUTOS = YES_AGGRESSIVE;
				GCC_WARN_UNUSED_FUNCTION = YES;
				GCC_WARN_UNUSED_VARIABLE = YES;
				IPHONEOS_DEPLOYMENT_TARGET = 11.1;
				MTL_ENABLE_DEBUG_INFO = YES;
				ONLY_ACTIVE_ARCH = YES;
				SDKROOT = iphoneos;
				SWIFT_ACTIVE_COMPILATION_CONDITIONS = DEBUG;
				SWIFT_OPTIMIZATION_LEVEL = "-Onone";
			};
			name = Debug;
		};
		5724FB8F1FCF7E5A009349B8 /* Release */ = {
			isa = XCBuildConfiguration;
			buildSettings = {
				ALWAYS_SEARCH_USER_PATHS = NO;
				CLANG_ANALYZER_NONNULL = YES;
				CLANG_ANALYZER_NUMBER_OBJECT_CONVERSION = YES_AGGRESSIVE;
				CLANG_CXX_LANGUAGE_STANDARD = "gnu++14";
				CLANG_CXX_LIBRARY = "libc++";
				CLANG_ENABLE_MODULES = YES;
				CLANG_ENABLE_OBJC_ARC = YES;
				CLANG_WARN_BLOCK_CAPTURE_AUTORELEASING = YES;
				CLANG_WARN_BOOL_CONVERSION = YES;
				CLANG_WARN_COMMA = YES;
				CLANG_WARN_CONSTANT_CONVERSION = YES;
				CLANG_WARN_DIRECT_OBJC_ISA_USAGE = YES_ERROR;
				CLANG_WARN_DOCUMENTATION_COMMENTS = YES;
				CLANG_WARN_EMPTY_BODY = YES;
				CLANG_WARN_ENUM_CONVERSION = YES;
				CLANG_WARN_INFINITE_RECURSION = YES;
				CLANG_WARN_INT_CONVERSION = YES;
				CLANG_WARN_NON_LITERAL_NULL_CONVERSION = YES;
				CLANG_WARN_OBJC_LITERAL_CONVERSION = YES;
				CLANG_WARN_OBJC_ROOT_CLASS = YES_ERROR;
				CLANG_WARN_RANGE_LOOP_ANALYSIS = YES;
				CLANG_WARN_STRICT_PROTOTYPES = YES;
				CLANG_WARN_SUSPICIOUS_MOVE = YES;
				CLANG_WARN_UNGUARDED_AVAILABILITY = YES_AGGRESSIVE;
				CLANG_WARN_UNREACHABLE_CODE = YES;
				CLANG_WARN__DUPLICATE_METHOD_MATCH = YES;
				CODE_SIGN_IDENTITY = "iPhone Developer";
				COPY_PHASE_STRIP = NO;
				DEBUG_INFORMATION_FORMAT = "dwarf-with-dsym";
				ENABLE_NS_ASSERTIONS = NO;
				ENABLE_STRICT_OBJC_MSGSEND = YES;
				GCC_C_LANGUAGE_STANDARD = gnu11;
				GCC_NO_COMMON_BLOCKS = YES;
				GCC_WARN_64_TO_32_BIT_CONVERSION = YES;
				GCC_WARN_ABOUT_RETURN_TYPE = YES_ERROR;
				GCC_WARN_UNDECLARED_SELECTOR = YES;
				GCC_WARN_UNINITIALIZED_AUTOS = YES_AGGRESSIVE;
				GCC_WARN_UNUSED_FUNCTION = YES;
				GCC_WARN_UNUSED_VARIABLE = YES;
				IPHONEOS_DEPLOYMENT_TARGET = 11.1;
				MTL_ENABLE_DEBUG_INFO = NO;
				SDKROOT = iphoneos;
				SWIFT_OPTIMIZATION_LEVEL = "-Owholemodule";
				VALIDATE_PRODUCT = YES;
			};
			name = Release;
		};
		5724FB911FCF7E5A009349B8 /* Debug */ = {
			isa = XCBuildConfiguration;
			buildSettings = {
				ASSETCATALOG_COMPILER_APPICON_NAME = AppIcon;
				CODE_SIGN_STYLE = Automatic;
				DEVELOPMENT_TEAM = QLNFD6F9QL;
				INFOPLIST_FILE = Counter/Info.plist;
				LD_RUNPATH_SEARCH_PATHS = "$(inherited) @executable_path/Frameworks";
				PRODUCT_BUNDLE_IDENTIFIER = com.andrewcopp.Counter;
				PRODUCT_NAME = "$(TARGET_NAME)";
				SWIFT_VERSION = 4.0;
				TARGETED_DEVICE_FAMILY = "1,2";
			};
			name = Debug;
		};
		5724FB921FCF7E5A009349B8 /* Release */ = {
			isa = XCBuildConfiguration;
			buildSettings = {
				ASSETCATALOG_COMPILER_APPICON_NAME = AppIcon;
				CODE_SIGN_STYLE = Automatic;
				DEVELOPMENT_TEAM = QLNFD6F9QL;
				INFOPLIST_FILE = Counter/Info.plist;
				LD_RUNPATH_SEARCH_PATHS = "$(inherited) @executable_path/Frameworks";
				PRODUCT_BUNDLE_IDENTIFIER = com.andrewcopp.Counter;
				PRODUCT_NAME = "$(TARGET_NAME)";
				SWIFT_VERSION = 4.0;
				TARGETED_DEVICE_FAMILY = "1,2";
			};
			name = Release;
		};
		5724FB941FCF7E5A009349B8 /* Debug */ = {
			isa = XCBuildConfiguration;
			buildSettings = {
				ALWAYS_EMBED_SWIFT_STANDARD_LIBRARIES = YES;
				BUNDLE_LOADER = "$(TEST_HOST)";
				CODE_SIGN_STYLE = Automatic;
				DEVELOPMENT_TEAM = QLNFD6F9QL;
				INFOPLIST_FILE = CounterTests/Info.plist;
				LD_RUNPATH_SEARCH_PATHS = "$(inherited) @executable_path/Frameworks @loader_path/Frameworks";
				PRODUCT_BUNDLE_IDENTIFIER = com.andrewcopp.CounterTests;
				PRODUCT_NAME = "$(TARGET_NAME)";
				SWIFT_VERSION = 4.0;
				TARGETED_DEVICE_FAMILY = "1,2";
				TEST_HOST = "$(BUILT_PRODUCTS_DIR)/Counter.app/Counter";
			};
			name = Debug;
		};
		5724FB951FCF7E5A009349B8 /* Release */ = {
			isa = XCBuildConfiguration;
			buildSettings = {
				ALWAYS_EMBED_SWIFT_STANDARD_LIBRARIES = YES;
				BUNDLE_LOADER = "$(TEST_HOST)";
				CODE_SIGN_STYLE = Automatic;
				DEVELOPMENT_TEAM = QLNFD6F9QL;
				INFOPLIST_FILE = CounterTests/Info.plist;
				LD_RUNPATH_SEARCH_PATHS = "$(inherited) @executable_path/Frameworks @loader_path/Frameworks";
				PRODUCT_BUNDLE_IDENTIFIER = com.andrewcopp.CounterTests;
				PRODUCT_NAME = "$(TARGET_NAME)";
				SWIFT_VERSION = 4.0;
				TARGETED_DEVICE_FAMILY = "1,2";
				TEST_HOST = "$(BUILT_PRODUCTS_DIR)/Counter.app/Counter";
			};
			name = Release;
		};
		5724FB971FCF7E5A009349B8 /* Debug */ = {
			isa = XCBuildConfiguration;
			buildSettings = {
				ALWAYS_EMBED_SWIFT_STANDARD_LIBRARIES = YES;
				CODE_SIGN_STYLE = Automatic;
				DEVELOPMENT_TEAM = QLNFD6F9QL;
				INFOPLIST_FILE = CounterUITests/Info.plist;
				LD_RUNPATH_SEARCH_PATHS = "$(inherited) @executable_path/Frameworks @loader_path/Frameworks";
				PRODUCT_BUNDLE_IDENTIFIER = com.andrewcopp.CounterUITests;
				PRODUCT_NAME = "$(TARGET_NAME)";
				SWIFT_VERSION = 4.0;
				TARGETED_DEVICE_FAMILY = "1,2";
				TEST_TARGET_NAME = Counter;
			};
			name = Debug;
		};
		5724FB981FCF7E5A009349B8 /* Release */ = {
			isa = XCBuildConfiguration;
			buildSettings = {
				ALWAYS_EMBED_SWIFT_STANDARD_LIBRARIES = YES;
				CODE_SIGN_STYLE = Automatic;
				DEVELOPMENT_TEAM = QLNFD6F9QL;
				INFOPLIST_FILE = CounterUITests/Info.plist;
				LD_RUNPATH_SEARCH_PATHS = "$(inherited) @executable_path/Frameworks @loader_path/Frameworks";
				PRODUCT_BUNDLE_IDENTIFIER = com.andrewcopp.CounterUITests;
				PRODUCT_NAME = "$(TARGET_NAME)";
				SWIFT_VERSION = 4.0;
				TARGETED_DEVICE_FAMILY = "1,2";
				TEST_TARGET_NAME = Counter;
			};
			name = Release;
		};
/* End XCBuildConfiguration section */

/* Begin XCConfigurationList section */
		5724FB601FCF7E5A009349B8 /* Build configuration list for PBXProject "Counter" */ = {
			isa = XCConfigurationList;
			buildConfigurations = (
				5724FB8E1FCF7E5A009349B8 /* Debug */,
				5724FB8F1FCF7E5A009349B8 /* Release */,
			);
			defaultConfigurationIsVisible = 0;
			defaultConfigurationName = Release;
		};
		5724FB901FCF7E5A009349B8 /* Build configuration list for PBXNativeTarget "Counter" */ = {
			isa = XCConfigurationList;
			buildConfigurations = (
				5724FB911FCF7E5A009349B8 /* Debug */,
				5724FB921FCF7E5A009349B8 /* Release */,
			);
			defaultConfigurationIsVisible = 0;
			defaultConfigurationName = Release;
		};
		5724FB931FCF7E5A009349B8 /* Build configuration list for PBXNativeTarget "CounterTests" */ = {
			isa = XCConfigurationList;
			buildConfigurations = (
				5724FB941FCF7E5A009349B8 /* Debug */,
				5724FB951FCF7E5A009349B8 /* Release */,
			);
			defaultConfigurationIsVisible = 0;
			defaultConfigurationName = Release;
		};
		5724FB961FCF7E5A009349B8 /* Build configuration list for PBXNativeTarget "CounterUITests" */ = {
			isa = XCConfigurationList;
			buildConfigurations = (
				5724FB971FCF7E5A009349B8 /* Debug */,
				5724FB981FCF7E5A009349B8 /* Release */,
			);
			defaultConfigurationIsVisible = 0;
			defaultConfigurationName = Release;
		};
/* End XCConfigurationList section */

/* Begin XCVersionGroup section */
		5724FB6F1FCF7E5A009349B8 /* Counter.xcdatamodeld */ = {
			isa = XCVersionGroup;
			children = (
				5724FB701FCF7E5A009349B8 /* Counter.xcdatamodel */,
			);
			currentVersion = 5724FB701FCF7E5A009349B8 /* Counter.xcdatamodel */;
			path = Counter.xcdatamodeld;
			sourceTree = "<group>";
			versionGroupType = wrapper.xcdatamodel;
		};
/* End XCVersionGroup section */
	};
	rootObject = 5724FB5D1FCF7E5A009349B8 /* Project object */;
}
